
Microsoft Visual Studio Solution File, Format Version 12.00
# Visual Studio Version 17
VisualStudioVersion = 17.14.36202.13 d17.14
MinimumVisualStudioVersion = 10.0.40219.1
Project("{FAE04EC0-301F-11D3-BF4B-00C04F79EFBC}") = "G5", "G5.csproj", "{F4F36898-288F-4D79-ABB2-981B7A1F474D}"
EndProject
Global
	GlobalSection(SolutionConfigurationPlatforms) = preSolution
		Debug|Any CPU = Debug|Any CPU
		Release|Any CPU = Release|Any CPU
	EndGlobalSection
	GlobalSection(ProjectConfigurationPlatforms) = postSolution
		{F4F36898-288F-4D79-ABB2-981B7A1F474D}.Debug|Any CPU.ActiveCfg = Debug|Any CPU
		{F4F36898-288F-4D79-ABB2-981B7A1F474D}.Debug|Any CPU.Build.0 = Debug|Any CPU
		{F4F36898-288F-4D79-ABB2-981B7A1F474D}.Release|Any CPU.ActiveCfg = Release|Any CPU
		{F4F36898-288F-4D79-ABB2-981B7A1F474D}.Release|Any CPU.Build.0 = Release|Any CPU
	EndGlobalSection
	GlobalSection(SolutionProperties) = preSolution
		HideSolutionNode = FALSE
	EndGlobalSection
	GlobalSection(ExtensibilityGlobals) = postSolution
		SolutionGuid = {06697C45-79B5-4DFB-A36C-BE96041648D8}
	EndGlobalSection
EndGlobal
